
Microsoft Visual Studio Solution File, Format Version 12.00
# Visual Studio Version 16
VisualStudioVersion = 16.0.30804.86
MinimumVisualStudioVersion = 15.0.26124.0
Project("{2150E333-8FDC-42A3-9474-1A3956D46DE8}") = "src", "src", "{E008E9EE-C7F5-4E98-886E-800A312972A7}"
EndProject
Project("{9A19103F-16F7-4668-BE54-9A1E7A4F7556}") = "SimpleAPI", "src\SimpleAPI\SimpleAPI.csproj", "{148E6076-7217-4A6A-83B5-7A2CD45346FB}"
EndProject
Project("{2150E333-8FDC-42A3-9474-1A3956D46DE8}") = "test", "test", "{2ECC8822-CCBA-4421-900C-871831FF24CB}"
EndProject
Project("{9A19103F-16F7-4668-BE54-9A1E7A4F7556}") = "SimpleAPI.Test", "test\SimpleAPI.Test\SimpleAPI.Test.csproj", "{379E5CE9-D6B8-4FAA-9326-617EC3B11D50}"
EndProject
Project("{2150E333-8FDC-42A3-9474-1A3956D46DE8}") = "Solution Items", "Solution Items", "{819FD60D-B997-4851-B3B1-D90C7181BBA2}"
	ProjectSection(SolutionItems) = preProject
		azure-pipelines.yml = azure-pipelines.yml
	EndProjectSection
EndProject
Global
	GlobalSection(SolutionConfigurationPlatforms) = preSolution
		Debug|Any CPU = Debug|Any CPU
		Debug|x64 = Debug|x64
		Debug|x86 = Debug|x86
		Release|Any CPU = Release|Any CPU
		Release|x64 = Release|x64
		Release|x86 = Release|x86
	EndGlobalSection
	GlobalSection(ProjectConfigurationPlatforms) = postSolution
		{148E6076-7217-4A6A-83B5-7A2CD45346FB}.Debug|Any CPU.ActiveCfg = Debug|Any CPU
		{148E6076-7217-4A6A-83B5-7A2CD45346FB}.Debug|Any CPU.Build.0 = Debug|Any CPU
		{148E6076-7217-4A6A-83B5-7A2CD45346FB}.Debug|x64.ActiveCfg = Debug|Any CPU
		{148E6076-7217-4A6A-83B5-7A2CD45346FB}.Debug|x64.Build.0 = Debug|Any CPU
		{148E6076-7217-4A6A-83B5-7A2CD45346FB}.Debug|x86.ActiveCfg = Debug|Any CPU
		{148E6076-7217-4A6A-83B5-7A2CD45346FB}.Debug|x86.Build.0 = Debug|Any CPU
		{148E6076-7217-4A6A-83B5-7A2CD45346FB}.Release|Any CPU.ActiveCfg = Release|Any CPU
		{148E6076-7217-4A6A-83B5-7A2CD45346FB}.Release|Any CPU.Build.0 = Release|Any CPU
		{148E6076-7217-4A6A-83B5-7A2CD45346FB}.Release|x64.ActiveCfg = Release|Any CPU
		{148E6076-7217-4A6A-83B5-7A2CD45346FB}.Release|x64.Build.0 = Release|Any CPU
		{148E6076-7217-4A6A-83B5-7A2CD45346FB}.Release|x86.ActiveCfg = Release|Any CPU
		{148E6076-7217-4A6A-83B5-7A2CD45346FB}.Release|x86.Build.0 = Release|Any CPU
		{379E5CE9-D6B8-4FAA-9326-617EC3B11D50}.Debug|Any CPU.ActiveCfg = Debug|Any CPU
		{379E5CE9-D6B8-4FAA-9326-617EC3B11D50}.Debug|Any CPU.Build.0 = Debug|Any CPU
		{379E5CE9-D6B8-4FAA-9326-617EC3B11D50}.Debug|x64.ActiveCfg = Debug|Any CPU
		{379E5CE9-D6B8-4FAA-9326-617EC3B11D50}.Debug|x64.Build.0 = Debug|Any CPU
		{379E5CE9-D6B8-4FAA-9326-617EC3B11D50}.Debug|x86.ActiveCfg = Debug|Any CPU
		{379E5CE9-D6B8-4FAA-9326-617EC3B11D50}.Debug|x86.Build.0 = Debug|Any CPU
		{379E5CE9-D6B8-4FAA-9326-617EC3B11D50}.Release|Any CPU.ActiveCfg = Release|Any CPU
		{379E5CE9-D6B8-4FAA-9326-617EC3B11D50}.Release|Any CPU.Build.0 = Release|Any CPU
		{379E5CE9-D6B8-4FAA-9326-617EC3B11D50}.Release|x64.ActiveCfg = Release|Any CPU
		{379E5CE9-D6B8-4FAA-9326-617EC3B11D50}.Release|x64.Build.0 = Release|Any CPU
		{379E5CE9-D6B8-4FAA-9326-617EC3B11D50}.Release|x86.ActiveCfg = Release|Any CPU
		{379E5CE9-D6B8-4FAA-9326-617EC3B11D50}.Release|x86.Build.0 = Release|Any CPU
	EndGlobalSection
	GlobalSection(SolutionProperties) = preSolution
		HideSolutionNode = FALSE
	EndGlobalSection
	GlobalSection(NestedProjects) = preSolution
		{148E6076-7217-4A6A-83B5-7A2CD45346FB} = {E008E9EE-C7F5-4E98-886E-800A312972A7}
		{379E5CE9-D6B8-4FAA-9326-617EC3B11D50} = {2ECC8822-CCBA-4421-900C-871831FF24CB}
	EndGlobalSection
	GlobalSection(ExtensibilityGlobals) = postSolution
		SolutionGuid = {43826058-AB27-4ED2-BD28-D4243ED56DEA}
	EndGlobalSection
EndGlobal
